// !$*UTF8*$!
{
	archiveVersion = 1;
	classes = {
	};
	objectVersion = 46;
	objects = {

/* Begin PBXBuildFile section */
		802029FD1B96FD0300D91D8C /* cutlery.storyboard in Resources */ = {isa = PBXBuildFile; fileRef = 802029FC1B96FD0300D91D8C /* cutlery.storyboard */; };
		802029FF1B9700D600D91D8C /* CulteryFilterViewController.swift in Sources */ = {isa = PBXBuildFile; fileRef = 802029FE1B9700D600D91D8C /* CulteryFilterViewController.swift */; };
		8067FED91BA57BB7009F428A /* DayMealsViewController.swift in Sources */ = {isa = PBXBuildFile; fileRef = 8067FED81BA57BB7009F428A /* DayMealsViewController.swift */; };
		8067FEDB1BA6253E009F428A /* MealViewController.swift in Sources */ = {isa = PBXBuildFile; fileRef = 8067FEDA1BA6253E009F428A /* MealViewController.swift */; };
		808BCBD91B734A470024F23C /* SearchViewController.swift in Sources */ = {isa = PBXBuildFile; fileRef = 808BCBD81B734A470024F23C /* SearchViewController.swift */; };
		808BCBDB1B735DAB0024F23C /* MealPlanViewController.swift in Sources */ = {isa = PBXBuildFile; fileRef = 808BCBDA1B735DAB0024F23C /* MealPlanViewController.swift */; };
		AC1422331B2E44B400978990 /* AppDelegate.swift in Sources */ = {isa = PBXBuildFile; fileRef = AC1422321B2E44B400978990 /* AppDelegate.swift */; };
		AC1422361B2E44B400978990 /* Model.xcdatamodeld in Sources */ = {isa = PBXBuildFile; fileRef = AC1422341B2E44B400978990 /* Model.xcdatamodeld */; };
		AC14223D1B2E44B400978990 /* Images.xcassets in Resources */ = {isa = PBXBuildFile; fileRef = AC14223C1B2E44B400978990 /* Images.xcassets */; };
		AC1422401B2E44B400978990 /* LaunchScreen.xib in Resources */ = {isa = PBXBuildFile; fileRef = AC14223E1B2E44B400978990 /* LaunchScreen.xib */; };
		AC14224C1B2E44B400978990 /* SpatulaTests.swift in Sources */ = {isa = PBXBuildFile; fileRef = AC14224B1B2E44B400978990 /* SpatulaTests.swift */; };
		AC1422581B2E47C400978990 /* NavigationMenuTableViewController.swift in Sources */ = {isa = PBXBuildFile; fileRef = AC1422571B2E47C400978990 /* NavigationMenuTableViewController.swift */; };
		AC14225A1B2E47E900978990 /* MainViewController.swift in Sources */ = {isa = PBXBuildFile; fileRef = AC1422591B2E47E900978990 /* MainViewController.swift */; };
		AC4E71041B68163800588870 /* Main.storyboard in Resources */ = {isa = PBXBuildFile; fileRef = AC4E71031B68163800588870 /* Main.storyboard */; };
		AC71A8521B88C87F001B1260 /* RecipeDataSource.swift in Sources */ = {isa = PBXBuildFile; fileRef = AC71A8511B88C87F001B1260 /* RecipeDataSource.swift */; };
		ACBA93871B8A6BC400B76A02 /* MealPlanDataSource.swift in Sources */ = {isa = PBXBuildFile; fileRef = ACBA93861B8A6BC400B76A02 /* MealPlanDataSource.swift */; };
		DB533FC4E082D1A020C465B7 /* libPods.a in Frameworks */ = {isa = PBXBuildFile; fileRef = 9730DE32BE8C312909399248 /* libPods.a */; };
/* End PBXBuildFile section */

/* Begin PBXContainerItemProxy section */
		AC1422461B2E44B400978990 /* PBXContainerItemProxy */ = {
			isa = PBXContainerItemProxy;
			containerPortal = AC1422251B2E44B400978990 /* Project object */;
			proxyType = 1;
			remoteGlobalIDString = AC14222C1B2E44B400978990;
			remoteInfo = RecipeList;
		};
/* End PBXContainerItemProxy section */

/* Begin PBXFileReference section */
		802029FC1B96FD0300D91D8C /* cutlery.storyboard */ = {isa = PBXFileReference; fileEncoding = 4; lastKnownFileType = file.storyboard; path = cutlery.storyboard; sourceTree = "<group>"; };
		802029FE1B9700D600D91D8C /* CulteryFilterViewController.swift */ = {isa = PBXFileReference; fileEncoding = 4; lastKnownFileType = sourcecode.swift; path = CulteryFilterViewController.swift; sourceTree = "<group>"; };
		8067FED81BA57BB7009F428A /* DayMealsViewController.swift */ = {isa = PBXFileReference; fileEncoding = 4; lastKnownFileType = sourcecode.swift; path = DayMealsViewController.swift; sourceTree = "<group>"; };
		8067FEDA1BA6253E009F428A /* MealViewController.swift */ = {isa = PBXFileReference; fileEncoding = 4; lastKnownFileType = sourcecode.swift; path = MealViewController.swift; sourceTree = "<group>"; };
		808BCBD81B734A470024F23C /* SearchViewController.swift */ = {isa = PBXFileReference; fileEncoding = 4; lastKnownFileType = sourcecode.swift; path = SearchViewController.swift; sourceTree = "<group>"; };
		808BCBDA1B735DAB0024F23C /* MealPlanViewController.swift */ = {isa = PBXFileReference; fileEncoding = 4; lastKnownFileType = sourcecode.swift; path = MealPlanViewController.swift; sourceTree = "<group>"; };
		82E4DEB054C3AE6E60D1B189 /* Pods.debug.xcconfig */ = {isa = PBXFileReference; includeInIndex = 1; lastKnownFileType = text.xcconfig; name = Pods.debug.xcconfig; path = "Pods/Target Support Files/Pods/Pods.debug.xcconfig"; sourceTree = "<group>"; };
		9730DE32BE8C312909399248 /* libPods.a */ = {isa = PBXFileReference; explicitFileType = archive.ar; includeInIndex = 0; path = libPods.a; sourceTree = BUILT_PRODUCTS_DIR; };
		AC14222D1B2E44B400978990 /* Spatula.app */ = {isa = PBXFileReference; explicitFileType = wrapper.application; includeInIndex = 0; path = Spatula.app; sourceTree = BUILT_PRODUCTS_DIR; };
		AC1422311B2E44B400978990 /* Info.plist */ = {isa = PBXFileReference; lastKnownFileType = text.plist.xml; path = Info.plist; sourceTree = "<group>"; };
		AC1422321B2E44B400978990 /* AppDelegate.swift */ = {isa = PBXFileReference; lastKnownFileType = sourcecode.swift; path = AppDelegate.swift; sourceTree = "<group>"; };
		AC1422351B2E44B400978990 /* Model.xcdatamodel */ = {isa = PBXFileReference; lastKnownFileType = wrapper.xcdatamodel; path = Model.xcdatamodel; sourceTree = "<group>"; };
		AC14223C1B2E44B400978990 /* Images.xcassets */ = {isa = PBXFileReference; lastKnownFileType = folder.assetcatalog; path = Images.xcassets; sourceTree = "<group>"; };
		AC14223F1B2E44B400978990 /* Base */ = {isa = PBXFileReference; lastKnownFileType = file.xib; name = Base; path = Base.lproj/LaunchScreen.xib; sourceTree = "<group>"; };
		AC1422451B2E44B400978990 /* SpatulaTests.xctest */ = {isa = PBXFileReference; explicitFileType = wrapper.cfbundle; includeInIndex = 0; path = SpatulaTests.xctest; sourceTree = BUILT_PRODUCTS_DIR; };
		AC14224A1B2E44B400978990 /* Info.plist */ = {isa = PBXFileReference; lastKnownFileType = text.plist.xml; path = Info.plist; sourceTree = "<group>"; };
		AC14224B1B2E44B400978990 /* SpatulaTests.swift */ = {isa = PBXFileReference; lastKnownFileType = sourcecode.swift; path = SpatulaTests.swift; sourceTree = "<group>"; };
		AC1422571B2E47C400978990 /* NavigationMenuTableViewController.swift */ = {isa = PBXFileReference; fileEncoding = 4; lastKnownFileType = sourcecode.swift; path = NavigationMenuTableViewController.swift; sourceTree = "<group>"; };
		AC1422591B2E47E900978990 /* MainViewController.swift */ = {isa = PBXFileReference; fileEncoding = 4; lastKnownFileType = sourcecode.swift; path = MainViewController.swift; sourceTree = "<group>"; };
		AC14225B1B2E485300978990 /* Spatula-Bridging-Header.h */ = {isa = PBXFileReference; lastKnownFileType = sourcecode.c.h; path = "Spatula-Bridging-Header.h"; sourceTree = "<group>"; };
		AC4E71031B68163800588870 /* Main.storyboard */ = {isa = PBXFileReference; fileEncoding = 4; lastKnownFileType = file.storyboard; path = Main.storyboard; sourceTree = "<group>"; };
		AC71A8511B88C87F001B1260 /* RecipeDataSource.swift */ = {isa = PBXFileReference; fileEncoding = 4; lastKnownFileType = sourcecode.swift; path = RecipeDataSource.swift; sourceTree = "<group>"; };
		ACBA93861B8A6BC400B76A02 /* MealPlanDataSource.swift */ = {isa = PBXFileReference; fileEncoding = 4; lastKnownFileType = sourcecode.swift; path = MealPlanDataSource.swift; sourceTree = "<group>"; };
		CE83C750C24A8397CA56ED18 /* Pods.release.xcconfig */ = {isa = PBXFileReference; includeInIndex = 1; lastKnownFileType = text.xcconfig; name = Pods.release.xcconfig; path = "Pods/Target Support Files/Pods/Pods.release.xcconfig"; sourceTree = "<group>"; };
/* End PBXFileReference section */

/* Begin PBXFrameworksBuildPhase section */
		AC14222A1B2E44B400978990 /* Frameworks */ = {
			isa = PBXFrameworksBuildPhase;
			buildActionMask = 2147483647;
			files = (
				DB533FC4E082D1A020C465B7 /* libPods.a in Frameworks */,
			);
			runOnlyForDeploymentPostprocessing = 0;
		};
		AC1422421B2E44B400978990 /* Frameworks */ = {
			isa = PBXFrameworksBuildPhase;
			buildActionMask = 2147483647;
			files = (
			);
			runOnlyForDeploymentPostprocessing = 0;
		};
/* End PBXFrameworksBuildPhase section */

/* Begin PBXGroup section */
		35798983D0776D91F4592930 /* Pods */ = {
			isa = PBXGroup;
			children = (
				82E4DEB054C3AE6E60D1B189 /* Pods.debug.xcconfig */,
				CE83C750C24A8397CA56ED18 /* Pods.release.xcconfig */,
			);
			name = Pods;
			sourceTree = "<group>";
		};
		8067FEDC1BA62732009F428A /* mealplans */ = {
			isa = PBXGroup;
			children = (
				AC4E71031B68163800588870 /* Main.storyboard */,
				808BCBDA1B735DAB0024F23C /* MealPlanViewController.swift */,
				808BCBD81B734A470024F23C /* SearchViewController.swift */,
				AC1422571B2E47C400978990 /* NavigationMenuTableViewController.swift */,
				AC1422591B2E47E900978990 /* MainViewController.swift */,
			);
			name = mealplans;
			sourceTree = "<group>";
		};
		8067FEDD1BA62740009F428A /* meals */ = {
			isa = PBXGroup;
			children = (
				802029FC1B96FD0300D91D8C /* cutlery.storyboard */,
				8067FED81BA57BB7009F428A /* DayMealsViewController.swift */,
				8067FEDA1BA6253E009F428A /* MealViewController.swift */,
				802029FE1B9700D600D91D8C /* CulteryFilterViewController.swift */,
			);
			name = meals;
			sourceTree = "<group>";
		};
		A7A49727C27BFD4251813B71 /* Frameworks */ = {
			isa = PBXGroup;
			children = (
				9730DE32BE8C312909399248 /* libPods.a */,
			);
			name = Frameworks;
			sourceTree = "<group>";
		};
		AC1422241B2E44B400978990 = {
			isa = PBXGroup;
			children = (
				AC14222F1B2E44B400978990 /* Spatula */,
				AC1422481B2E44B400978990 /* SpatulaTests */,
				AC14222E1B2E44B400978990 /* Products */,
				35798983D0776D91F4592930 /* Pods */,
				A7A49727C27BFD4251813B71 /* Frameworks */,
			);
			sourceTree = "<group>";
		};
		AC14222E1B2E44B400978990 /* Products */ = {
			isa = PBXGroup;
			children = (
				AC14222D1B2E44B400978990 /* Spatula.app */,
				AC1422451B2E44B400978990 /* SpatulaTests.xctest */,
			);
			name = Products;
			sourceTree = "<group>";
		};
		AC14222F1B2E44B400978990 /* Spatula */ = {
			isa = PBXGroup;
			children = (
				AC1422321B2E44B400978990 /* AppDelegate.swift */,
				8067FEDD1BA62740009F428A /* meals */,
				8067FEDC1BA62732009F428A /* mealplans */,
				ACBA93851B8A6BB000B76A02 /* DataSources */,
				AC14223E1B2E44B400978990 /* LaunchScreen.xib */,
				AC1422341B2E44B400978990 /* Model.xcdatamodeld */,
				AC1422301B2E44B400978990 /* Supporting Files */,
				AC14225B1B2E485300978990 /* Spatula-Bridging-Header.h */,
			);
			path = Spatula;
			sourceTree = "<group>";
		};
		AC1422301B2E44B400978990 /* Supporting Files */ = {
			isa = PBXGroup;
			children = (
				AC14223C1B2E44B400978990 /* Images.xcassets */,
				AC1422311B2E44B400978990 /* Info.plist */,
			);
			name = "Supporting Files";
			sourceTree = "<group>";
		};
		AC1422481B2E44B400978990 /* SpatulaTests */ = {
			isa = PBXGroup;
			children = (
				AC14224B1B2E44B400978990 /* SpatulaTests.swift */,
				AC1422491B2E44B400978990 /* Supporting Files */,
			);
			path = SpatulaTests;
			sourceTree = "<group>";
		};
		AC1422491B2E44B400978990 /* Supporting Files */ = {
			isa = PBXGroup;
			children = (
				AC14224A1B2E44B400978990 /* Info.plist */,
			);
			name = "Supporting Files";
			sourceTree = "<group>";
		};
		ACBA93851B8A6BB000B76A02 /* DataSources */ = {
			isa = PBXGroup;
			children = (
				AC71A8511B88C87F001B1260 /* RecipeDataSource.swift */,
				ACBA93861B8A6BC400B76A02 /* MealPlanDataSource.swift */,
			);
			name = DataSources;
			sourceTree = "<group>";
		};
/* End PBXGroup section */

/* Begin PBXNativeTarget section */
		AC14222C1B2E44B400978990 /* Spatula */ = {
			isa = PBXNativeTarget;
			buildConfigurationList = AC14224F1B2E44B400978990 /* Build configuration list for PBXNativeTarget "Spatula" */;
			buildPhases = (
				78EA03367E22B1E14CCFAC31 /* Check Pods Manifest.lock */,
				AC1422291B2E44B400978990 /* Sources */,
				AC14222A1B2E44B400978990 /* Frameworks */,
				AC14222B1B2E44B400978990 /* Resources */,
				AEE550240F233CB599A3B185 /* Copy Pods Resources */,
			);
			buildRules = (
			);
			dependencies = (
			);
			name = Spatula;
			productName = RecipeList;
			productReference = AC14222D1B2E44B400978990 /* Spatula.app */;
			productType = "com.apple.product-type.application";
		};
		AC1422441B2E44B400978990 /* SpatulaTests */ = {
			isa = PBXNativeTarget;
			buildConfigurationList = AC1422521B2E44B400978990 /* Build configuration list for PBXNativeTarget "SpatulaTests" */;
			buildPhases = (
				AC1422411B2E44B400978990 /* Sources */,
				AC1422421B2E44B400978990 /* Frameworks */,
				AC1422431B2E44B400978990 /* Resources */,
			);
			buildRules = (
			);
			dependencies = (
				AC1422471B2E44B400978990 /* PBXTargetDependency */,
			);
			name = SpatulaTests;
			productName = RecipeListTests;
			productReference = AC1422451B2E44B400978990 /* SpatulaTests.xctest */;
			productType = "com.apple.product-type.bundle.unit-test";
		};
/* End PBXNativeTarget section */

/* Begin PBXProject section */
		AC1422251B2E44B400978990 /* Project object */ = {
			isa = PBXProject;
			attributes = {
				LastSwiftMigration = 0700;
				LastSwiftUpdateCheck = 0700;
				LastUpgradeCheck = 0700;
				ORGANIZATIONNAME = "Bobby Ren";
				TargetAttributes = {
					AC14222C1B2E44B400978990 = {
						CreatedOnToolsVersion = 6.3.2;
					};
					AC1422441B2E44B400978990 = {
						CreatedOnToolsVersion = 6.3.2;
						TestTargetID = AC14222C1B2E44B400978990;
					};
				};
			};
			buildConfigurationList = AC1422281B2E44B400978990 /* Build configuration list for PBXProject "Spatula" */;
			compatibilityVersion = "Xcode 3.2";
			developmentRegion = English;
			hasScannedForEncodings = 0;
			knownRegions = (
				en,
				Base,
			);
			mainGroup = AC1422241B2E44B400978990;
			productRefGroup = AC14222E1B2E44B400978990 /* Products */;
			projectDirPath = "";
			projectRoot = "";
			targets = (
				AC14222C1B2E44B400978990 /* Spatula */,
				AC1422441B2E44B400978990 /* SpatulaTests */,
			);
		};
/* End PBXProject section */

/* Begin PBXResourcesBuildPhase section */
		AC14222B1B2E44B400978990 /* Resources */ = {
			isa = PBXResourcesBuildPhase;
			buildActionMask = 2147483647;
			files = (
				AC1422401B2E44B400978990 /* LaunchScreen.xib in Resources */,
				802029FD1B96FD0300D91D8C /* cutlery.storyboard in Resources */,
				AC14223D1B2E44B400978990 /* Images.xcassets in Resources */,
				AC4E71041B68163800588870 /* Main.storyboard in Resources */,
			);
			runOnlyForDeploymentPostprocessing = 0;
		};
		AC1422431B2E44B400978990 /* Resources */ = {
			isa = PBXResourcesBuildPhase;
			buildActionMask = 2147483647;
			files = (
			);
			runOnlyForDeploymentPostprocessing = 0;
		};
/* End PBXResourcesBuildPhase section */

/* Begin PBXShellScriptBuildPhase section */
		78EA03367E22B1E14CCFAC31 /* Check Pods Manifest.lock */ = {
			isa = PBXShellScriptBuildPhase;
			buildActionMask = 2147483647;
			files = (
			);
			inputPaths = (
			);
			name = "Check Pods Manifest.lock";
			outputPaths = (
			);
			runOnlyForDeploymentPostprocessing = 0;
			shellPath = /bin/sh;
			shellScript = "diff \"${PODS_ROOT}/../Podfile.lock\" \"${PODS_ROOT}/Manifest.lock\" > /dev/null\nif [[ $? != 0 ]] ; then\n    cat << EOM\nerror: The sandbox is not in sync with the Podfile.lock. Run 'pod install' or update your CocoaPods installation.\nEOM\n    exit 1\nfi\n";
			showEnvVarsInLog = 0;
		};
		AEE550240F233CB599A3B185 /* Copy Pods Resources */ = {
			isa = PBXShellScriptBuildPhase;
			buildActionMask = 2147483647;
			files = (
			);
			inputPaths = (
			);
			name = "Copy Pods Resources";
			outputPaths = (
			);
			runOnlyForDeploymentPostprocessing = 0;
			shellPath = /bin/sh;
			shellScript = "\"${SRCROOT}/Pods/Target Support Files/Pods/Pods-resources.sh\"\n";
			showEnvVarsInLog = 0;
		};
/* End PBXShellScriptBuildPhase section */

/* Begin PBXSourcesBuildPhase section */
		AC1422291B2E44B400978990 /* Sources */ = {
			isa = PBXSourcesBuildPhase;
			buildActionMask = 2147483647;
			files = (
				802029FF1B9700D600D91D8C /* CulteryFilterViewController.swift in Sources */,
				ACBA93871B8A6BC400B76A02 /* MealPlanDataSource.swift in Sources */,
				808BCBD91B734A470024F23C /* SearchViewController.swift in Sources */,
				AC1422331B2E44B400978990 /* AppDelegate.swift in Sources */,
				AC1422581B2E47C400978990 /* NavigationMenuTableViewController.swift in Sources */,
				AC1422361B2E44B400978990 /* Model.xcdatamodeld in Sources */,
				808BCBDB1B735DAB0024F23C /* MealPlanViewController.swift in Sources */,
				AC71A8521B88C87F001B1260 /* RecipeDataSource.swift in Sources */,
				8067FED91BA57BB7009F428A /* DayMealsViewController.swift in Sources */,
				8067FEDB1BA6253E009F428A /* MealViewController.swift in Sources */,
				AC14225A1B2E47E900978990 /* MainViewController.swift in Sources */,
			);
			runOnlyForDeploymentPostprocessing = 0;
		};
		AC1422411B2E44B400978990 /* Sources */ = {
			isa = PBXSourcesBuildPhase;
			buildActionMask = 2147483647;
			files = (
				AC14224C1B2E44B400978990 /* SpatulaTests.swift in Sources */,
			);
			runOnlyForDeploymentPostprocessing = 0;
		};
/* End PBXSourcesBuildPhase section */

/* Begin PBXTargetDependency section */
		AC1422471B2E44B400978990 /* PBXTargetDependency */ = {
			isa = PBXTargetDependency;
			target = AC14222C1B2E44B400978990 /* Spatula */;
			targetProxy = AC1422461B2E44B400978990 /* PBXContainerItemProxy */;
		};
/* End PBXTargetDependency section */

/* Begin PBXVariantGroup section */
		AC14223E1B2E44B400978990 /* LaunchScreen.xib */ = {
			isa = PBXVariantGroup;
			children = (
				AC14223F1B2E44B400978990 /* Base */,
			);
			name = LaunchScreen.xib;
			sourceTree = "<group>";
		};
/* End PBXVariantGroup section */

/* Begin XCBuildConfiguration section */
		AC14224D1B2E44B400978990 /* Debug */ = {
			isa = XCBuildConfiguration;
			buildSettings = {
				ALWAYS_SEARCH_USER_PATHS = NO;
				CLANG_CXX_LANGUAGE_STANDARD = "gnu++0x";
				CLANG_CXX_LIBRARY = "libc++";
				CLANG_ENABLE_MODULES = YES;
				CLANG_ENABLE_OBJC_ARC = YES;
				CLANG_WARN_BOOL_CONVERSION = YES;
				CLANG_WARN_CONSTANT_CONVERSION = YES;
				CLANG_WARN_DIRECT_OBJC_ISA_USAGE = YES_ERROR;
				CLANG_WARN_EMPTY_BODY = YES;
				CLANG_WARN_ENUM_CONVERSION = YES;
				CLANG_WARN_INT_CONVERSION = YES;
				CLANG_WARN_OBJC_ROOT_CLASS = YES_ERROR;
				CLANG_WARN_UNREACHABLE_CODE = YES;
				CLANG_WARN__DUPLICATE_METHOD_MATCH = YES;
				"CODE_SIGN_IDENTITY[sdk=iphoneos*]" = "iPhone Developer";
				COPY_PHASE_STRIP = NO;
				DEBUG_INFORMATION_FORMAT = "dwarf-with-dsym";
				ENABLE_STRICT_OBJC_MSGSEND = YES;
				ENABLE_TESTABILITY = YES;
				GCC_C_LANGUAGE_STANDARD = gnu99;
				GCC_DYNAMIC_NO_PIC = NO;
				GCC_NO_COMMON_BLOCKS = YES;
				GCC_OPTIMIZATION_LEVEL = 0;
				GCC_PREPROCESSOR_DEFINITIONS = (
					"DEBUG=1",
					"$(inherited)",
				);
				GCC_SYMBOLS_PRIVATE_EXTERN = NO;
				GCC_WARN_64_TO_32_BIT_CONVERSION = YES;
				GCC_WARN_ABOUT_RETURN_TYPE = YES_ERROR;
				GCC_WARN_UNDECLARED_SELECTOR = YES;
				GCC_WARN_UNINITIALIZED_AUTOS = YES_AGGRESSIVE;
				GCC_WARN_UNUSED_FUNCTION = YES;
				GCC_WARN_UNUSED_VARIABLE = YES;
				IPHONEOS_DEPLOYMENT_TARGET = 8.3;
				MTL_ENABLE_DEBUG_INFO = YES;
				ONLY_ACTIVE_ARCH = YES;
				SDKROOT = iphoneos;
				SWIFT_OPTIMIZATION_LEVEL = "-Onone";
			};
			name = Debug;
		};
		AC14224E1B2E44B400978990 /* Release */ = {
			isa = XCBuildConfiguration;
			buildSettings = {
				ALWAYS_SEARCH_USER_PATHS = NO;
				CLANG_CXX_LANGUAGE_STANDARD = "gnu++0x";
				CLANG_CXX_LIBRARY = "libc++";
				CLANG_ENABLE_MODULES = YES;
				CLANG_ENABLE_OBJC_ARC = YES;
				CLANG_WARN_BOOL_CONVERSION = YES;
				CLANG_WARN_CONSTANT_CONVERSION = YES;
				CLANG_WARN_DIRECT_OBJC_ISA_USAGE = YES_ERROR;
				CLANG_WARN_EMPTY_BODY = YES;
				CLANG_WARN_ENUM_CONVERSION = YES;
				CLANG_WARN_INT_CONVERSION = YES;
				CLANG_WARN_OBJC_ROOT_CLASS = YES_ERROR;
				CLANG_WARN_UNREACHABLE_CODE = YES;
				CLANG_WARN__DUPLICATE_METHOD_MATCH = YES;
				"CODE_SIGN_IDENTITY[sdk=iphoneos*]" = "iPhone Developer";
				COPY_PHASE_STRIP = NO;
				DEBUG_INFORMATION_FORMAT = "dwarf-with-dsym";
				ENABLE_NS_ASSERTIONS = NO;
				ENABLE_STRICT_OBJC_MSGSEND = YES;
				GCC_C_LANGUAGE_STANDARD = gnu99;
				GCC_NO_COMMON_BLOCKS = YES;
				GCC_WARN_64_TO_32_BIT_CONVERSION = YES;
				GCC_WARN_ABOUT_RETURN_TYPE = YES_ERROR;
				GCC_WARN_UNDECLARED_SELECTOR = YES;
				GCC_WARN_UNINITIALIZED_AUTOS = YES_AGGRESSIVE;
				GCC_WARN_UNUSED_FUNCTION = YES;
				GCC_WARN_UNUSED_VARIABLE = YES;
				IPHONEOS_DEPLOYMENT_TARGET = 8.3;
				MTL_ENABLE_DEBUG_INFO = NO;
				SDKROOT = iphoneos;
				VALIDATE_PRODUCT = YES;
			};
			name = Release;
		};
		AC1422501B2E44B400978990 /* Debug */ = {
			isa = XCBuildConfiguration;
			baseConfigurationReference = 82E4DEB054C3AE6E60D1B189 /* Pods.debug.xcconfig */;
			buildSettings = {
				ASSETCATALOG_COMPILER_APPICON_NAME = AppIcon;
				CLANG_ENABLE_MODULES = YES;
				INFOPLIST_FILE = Spatula/Info.plist;
				LD_RUNPATH_SEARCH_PATHS = "$(inherited) @executable_path/Frameworks";
				PRODUCT_BUNDLE_IDENTIFIER = "tech.bobbyren.$(PRODUCT_NAME:rfc1034identifier)";
				PRODUCT_NAME = Spatula;
				SWIFT_OBJC_BRIDGING_HEADER = "Spatula/Spatula-Bridging-Header.h";
				SWIFT_OPTIMIZATION_LEVEL = "-Onone";
			};
			name = Debug;
		};
		AC1422511B2E44B400978990 /* Release */ = {
			isa = XCBuildConfiguration;
			baseConfigurationReference = CE83C750C24A8397CA56ED18 /* Pods.release.xcconfig */;
			buildSettings = {
				ASSETCATALOG_COMPILER_APPICON_NAME = AppIcon;
				CLANG_ENABLE_MODULES = YES;
				INFOPLIST_FILE = Spatula/Info.plist;
				LD_RUNPATH_SEARCH_PATHS = "$(inherited) @executable_path/Frameworks";
				PRODUCT_BUNDLE_IDENTIFIER = "tech.bobbyren.$(PRODUCT_NAME:rfc1034identifier)";
				PRODUCT_NAME = Spatula;
				SWIFT_OBJC_BRIDGING_HEADER = "Spatula/Spatula-Bridging-Header.h";
			};
			name = Release;
		};
		AC1422531B2E44B400978990 /* Debug */ = {
			isa = XCBuildConfiguration;
			buildSettings = {
				BUNDLE_LOADER = "$(TEST_HOST)";
				FRAMEWORK_SEARCH_PATHS = (
					"$(SDKROOT)/Developer/Library/Frameworks",
					"$(inherited)",
				);
				GCC_PREPROCESSOR_DEFINITIONS = (
					"DEBUG=1",
					"$(inherited)",
				);
				INFOPLIST_FILE = SpatulaTests/Info.plist;
				LD_RUNPATH_SEARCH_PATHS = "$(inherited) @executable_path/Frameworks @loader_path/Frameworks";
				PRODUCT_BUNDLE_IDENTIFIER = "tech.bobbyren.$(PRODUCT_NAME:rfc1034identifier)";
				PRODUCT_NAME = SpatulaTests;
				TEST_HOST = "$(BUILT_PRODUCTS_DIR)/Spatula.app/Spatula";
			};
			name = Debug;
		};
		AC1422541B2E44B400978990 /* Release */ = {
			isa = XCBuildConfiguration;
			buildSettings = {
				BUNDLE_LOADER = "$(TEST_HOST)";
				FRAMEWORK_SEARCH_PATHS = (
					"$(SDKROOT)/Developer/Library/Frameworks",
					"$(inherited)",
				);
				INFOPLIST_FILE = SpatulaTests/Info.plist;
				LD_RUNPATH_SEARCH_PATHS = "$(inherited) @executable_path/Frameworks @loader_path/Frameworks";
				PRODUCT_BUNDLE_IDENTIFIER = "tech.bobbyren.$(PRODUCT_NAME:rfc1034identifier)";
				PRODUCT_NAME = SpatulaTests;
				TEST_HOST = "$(BUILT_PRODUCTS_DIR)/Spatula.app/Spatula";
			};
			name = Release;
		};
/* End XCBuildConfiguration section */

/* Begin XCConfigurationList section */
		AC1422281B2E44B400978990 /* Build configuration list for PBXProject "Spatula" */ = {
			isa = XCConfigurationList;
			buildConfigurations = (
				AC14224D1B2E44B400978990 /* Debug */,
				AC14224E1B2E44B400978990 /* Release */,
			);
			defaultConfigurationIsVisible = 0;
			defaultConfigurationName = Release;
		};
		AC14224F1B2E44B400978990 /* Build configuration list for PBXNativeTarget "Spatula" */ = {
			isa = XCConfigurationList;
			buildConfigurations = (
				AC1422501B2E44B400978990 /* Debug */,
				AC1422511B2E44B400978990 /* Release */,
			);
			defaultConfigurationIsVisible = 0;
			defaultConfigurationName = Release;
		};
		AC1422521B2E44B400978990 /* Build configuration list for PBXNativeTarget "SpatulaTests" */ = {
			isa = XCConfigurationList;
			buildConfigurations = (
				AC1422531B2E44B400978990 /* Debug */,
				AC1422541B2E44B400978990 /* Release */,
			);
			defaultConfigurationIsVisible = 0;
			defaultConfigurationName = Release;
		};
/* End XCConfigurationList section */

/* Begin XCVersionGroup section */
		AC1422341B2E44B400978990 /* Model.xcdatamodeld */ = {
			isa = XCVersionGroup;
			children = (
				AC1422351B2E44B400978990 /* Model.xcdatamodel */,
			);
			currentVersion = AC1422351B2E44B400978990 /* Model.xcdatamodel */;
			path = Model.xcdatamodeld;
			sourceTree = "<group>";
			versionGroupType = wrapper.xcdatamodel;
		};
/* End XCVersionGroup section */
	};
	rootObject = AC1422251B2E44B400978990 /* Project object */;
}
